
Microsoft Visual Studio Solution File, Format Version 12.00
# Visual Studio Version 17
VisualStudioVersion = 17.7.34202.233
MinimumVisualStudioVersion = 10.0.40219.1
Project("{9A19103F-16F7-4668-BE54-9A1E7A4F7556}") = "Uplers.TodoApi", "Uplers.TodoApi\Uplers.TodoApi.csproj", "{3CBD3B91-D048-412D-98B2-CC98954F1063}"
EndProject
Project("{9A19103F-16F7-4668-BE54-9A1E7A4F7556}") = "Uplers.TodoWebApp", "Uplers.TodoWebApp\Uplers.TodoWebApp.csproj", "{8A8293D1-C372-4C03-A4E3-D687C280786B}"
EndProject
Global
	GlobalSection(SolutionConfigurationPlatforms) = preSolution
		Debug|Any CPU = Debug|Any CPU
		Release|Any CPU = Release|Any CPU
	EndGlobalSection
	GlobalSection(ProjectConfigurationPlatforms) = postSolution
		{3CBD3B91-D048-412D-98B2-CC98954F1063}.Debug|Any CPU.ActiveCfg = Debug|Any CPU
		{3CBD3B91-D048-412D-98B2-CC98954F1063}.Debug|Any CPU.Build.0 = Debug|Any CPU
		{3CBD3B91-D048-412D-98B2-CC98954F1063}.Release|Any CPU.ActiveCfg = Release|Any CPU
		{3CBD3B91-D048-412D-98B2-CC98954F1063}.Release|Any CPU.Build.0 = Release|Any CPU
		{8A8293D1-C372-4C03-A4E3-D687C280786B}.Debug|Any CPU.ActiveCfg = Debug|Any CPU
		{8A8293D1-C372-4C03-A4E3-D687C280786B}.Debug|Any CPU.Build.0 = Debug|Any CPU
		{8A8293D1-C372-4C03-A4E3-D687C280786B}.Release|Any CPU.ActiveCfg = Release|Any CPU
		{8A8293D1-C372-4C03-A4E3-D687C280786B}.Release|Any CPU.Build.0 = Release|Any CPU
	EndGlobalSection
	GlobalSection(SolutionProperties) = preSolution
		HideSolutionNode = FALSE
	EndGlobalSection
	GlobalSection(ExtensibilityGlobals) = postSolution
		SolutionGuid = {6E6F1682-EA91-4C98-B09C-AE63A1577542}
	EndGlobalSection
EndGlobal
